
Microsoft Visual Studio Solution File, Format Version 12.00
# Visual Studio Version 17
VisualStudioVersion = 17.6.33829.357
MinimumVisualStudioVersion = 10.0.40219.1
Project("{FAE04EC0-301F-11D3-BF4B-00C04F79EFBC}") = "CalculadoraC#", "CalculadoraC#\CalculadoraC#.csproj", "{305460D6-8968-4F47-B6EF-E7D2F38D104E}"
EndProject
Global
	GlobalSection(SolutionConfigurationPlatforms) = preSolution
		Debug|Any CPU = Debug|Any CPU
		Release|Any CPU = Release|Any CPU
	EndGlobalSection
	GlobalSection(ProjectConfigurationPlatforms) = postSolution
		{305460D6-8968-4F47-B6EF-E7D2F38D104E}.Debug|Any CPU.ActiveCfg = Debug|Any CPU
		{305460D6-8968-4F47-B6EF-E7D2F38D104E}.Debug|Any CPU.Build.0 = Debug|Any CPU
		{305460D6-8968-4F47-B6EF-E7D2F38D104E}.Release|Any CPU.ActiveCfg = Release|Any CPU
		{305460D6-8968-4F47-B6EF-E7D2F38D104E}.Release|Any CPU.Build.0 = Release|Any CPU
	EndGlobalSection
	GlobalSection(SolutionProperties) = preSolution
		HideSolutionNode = FALSE
	EndGlobalSection
	GlobalSection(ExtensibilityGlobals) = postSolution
		SolutionGuid = {BE2A1CB5-6EB1-413B-9C4A-940365FBDB07}
	EndGlobalSection
EndGlobal
